// !$*UTF8*$!
{
	archiveVersion = 1;
	classes = {
	};
	objectVersion = 56;
	objects = {

/* Begin PBXBuildFile section */
		551D28422B0BAE2000874D52 /* TodoListRow.swift in Sources */ = {isa = PBXBuildFile; fileRef = 551D28412B0BAE2000874D52 /* TodoListRow.swift */; };
		5520CA122B0A6154005482C1 /* WriteView.swift in Sources */ = {isa = PBXBuildFile; fileRef = 5520CA112B0A6154005482C1 /* WriteView.swift */; };
		552D3A9D2B0F971C0037C524 /* CoreDataManager.swift in Sources */ = {isa = PBXBuildFile; fileRef = 552D3A9C2B0F971C0037C524 /* CoreDataManager.swift */; };
		552D3AA02B0F97770037C524 /* TodoListCoreData.xcdatamodeld in Sources */ = {isa = PBXBuildFile; fileRef = 552D3A9E2B0F97770037C524 /* TodoListCoreData.xcdatamodeld */; };
		552F69A62B02769200C9CD07 /* sample.json in Resources */ = {isa = PBXBuildFile; fileRef = 552F69A52B02769200C9CD07 /* sample.json */; };
		552F69A82B02778100C9CD07 /* TodoListModel.swift in Sources */ = {isa = PBXBuildFile; fileRef = 552F69A72B02778000C9CD07 /* TodoListModel.swift */; };
		552F69AC2B027FA700C9CD07 /* DetailTodoView.swift in Sources */ = {isa = PBXBuildFile; fileRef = 552F69AB2B027FA700C9CD07 /* DetailTodoView.swift */; };
		559252012B0272BB005F7F75 /* TodoListApp.swift in Sources */ = {isa = PBXBuildFile; fileRef = 559252002B0272BB005F7F75 /* TodoListApp.swift */; };
		559252032B0272BB005F7F75 /* TodoListView.swift in Sources */ = {isa = PBXBuildFile; fileRef = 559252022B0272BB005F7F75 /* TodoListView.swift */; };
		559252052B0272BD005F7F75 /* Assets.xcassets in Resources */ = {isa = PBXBuildFile; fileRef = 559252042B0272BD005F7F75 /* Assets.xcassets */; };
		559252082B0272BD005F7F75 /* Preview Assets.xcassets in Resources */ = {isa = PBXBuildFile; fileRef = 559252072B0272BD005F7F75 /* Preview Assets.xcassets */; };
		55B891D92B1E1B98004734E2 /* SelectButtonView.swift in Sources */ = {isa = PBXBuildFile; fileRef = 55B891D82B1E1B98004734E2 /* SelectButtonView.swift */; };
/* End PBXBuildFile section */

/* Begin PBXFileReference section */
		551D28412B0BAE2000874D52 /* TodoListRow.swift */ = {isa = PBXFileReference; lastKnownFileType = sourcecode.swift; path = TodoListRow.swift; sourceTree = "<group>"; };
		5520CA112B0A6154005482C1 /* WriteView.swift */ = {isa = PBXFileReference; lastKnownFileType = sourcecode.swift; path = WriteView.swift; sourceTree = "<group>"; };
		552D3A9C2B0F971C0037C524 /* CoreDataManager.swift */ = {isa = PBXFileReference; lastKnownFileType = sourcecode.swift; path = CoreDataManager.swift; sourceTree = "<group>"; };
		552D3A9F2B0F97770037C524 /* TodoListCoreData.xcdatamodel */ = {isa = PBXFileReference; lastKnownFileType = wrapper.xcdatamodel; path = TodoListCoreData.xcdatamodel; sourceTree = "<group>"; };
		552F69A52B02769200C9CD07 /* sample.json */ = {isa = PBXFileReference; lastKnownFileType = text.json; path = sample.json; sourceTree = "<group>"; };
		552F69A72B02778000C9CD07 /* TodoListModel.swift */ = {isa = PBXFileReference; lastKnownFileType = sourcecode.swift; path = TodoListModel.swift; sourceTree = "<group>"; };
		552F69AB2B027FA700C9CD07 /* DetailTodoView.swift */ = {isa = PBXFileReference; lastKnownFileType = sourcecode.swift; path = DetailTodoView.swift; sourceTree = "<group>"; };
		559251FD2B0272BB005F7F75 /* TodoList.app */ = {isa = PBXFileReference; explicitFileType = wrapper.application; includeInIndex = 0; path = TodoList.app; sourceTree = BUILT_PRODUCTS_DIR; };
		559252002B0272BB005F7F75 /* TodoListApp.swift */ = {isa = PBXFileReference; lastKnownFileType = sourcecode.swift; path = TodoListApp.swift; sourceTree = "<group>"; };
		559252022B0272BB005F7F75 /* TodoListView.swift */ = {isa = PBXFileReference; lastKnownFileType = sourcecode.swift; path = TodoListView.swift; sourceTree = "<group>"; };
		559252042B0272BD005F7F75 /* Assets.xcassets */ = {isa = PBXFileReference; lastKnownFileType = folder.assetcatalog; path = Assets.xcassets; sourceTree = "<group>"; };
		559252072B0272BD005F7F75 /* Preview Assets.xcassets */ = {isa = PBXFileReference; lastKnownFileType = folder.assetcatalog; path = "Preview Assets.xcassets"; sourceTree = "<group>"; };
		55B891D82B1E1B98004734E2 /* SelectButtonView.swift */ = {isa = PBXFileReference; lastKnownFileType = sourcecode.swift; path = SelectButtonView.swift; sourceTree = "<group>"; };
		55B891DA2B1E1F37004734E2 /* TodoList.entitlements */ = {isa = PBXFileReference; lastKnownFileType = text.plist.entitlements; path = TodoList.entitlements; sourceTree = "<group>"; };
		55B891DB2B1E2481004734E2 /* Info.plist */ = {isa = PBXFileReference; lastKnownFileType = text.plist; path = Info.plist; sourceTree = "<group>"; };
/* End PBXFileReference section */

/* Begin PBXFrameworksBuildPhase section */
		559251FA2B0272BB005F7F75 /* Frameworks */ = {
			isa = PBXFrameworksBuildPhase;
			buildActionMask = 2147483647;
			files = (
			);
			runOnlyForDeploymentPostprocessing = 0;
		};
/* End PBXFrameworksBuildPhase section */

/* Begin PBXGroup section */
		552F69A22B02754E00C9CD07 /* assets */ = {
			isa = PBXGroup;
			children = (
				552F69A52B02769200C9CD07 /* sample.json */,
			);
			path = assets;
			sourceTree = "<group>";
		};
		559251F42B0272BA005F7F75 = {
			isa = PBXGroup;
			children = (
				559251FF2B0272BB005F7F75 /* TodoList */,
				559251FE2B0272BB005F7F75 /* Products */,
			);
			sourceTree = "<group>";
		};
		559251FE2B0272BB005F7F75 /* Products */ = {
			isa = PBXGroup;
			children = (
				559251FD2B0272BB005F7F75 /* TodoList.app */,
			);
			name = Products;
			sourceTree = "<group>";
		};
		559251FF2B0272BB005F7F75 /* TodoList */ = {
			isa = PBXGroup;
			children = (
				559252002B0272BB005F7F75 /* TodoListApp.swift */,
				55B891DB2B1E2481004734E2 /* Info.plist */,
				55B891DA2B1E1F37004734E2 /* TodoList.entitlements */,
				55B891DC2B1E2D78004734E2 /* coredata */,
				55B891D72B1E1B75004734E2 /* elements */,
				552F69A22B02754E00C9CD07 /* assets */,
				55B891DD2B1E2D98004734E2 /* views */,
				552F69A72B02778000C9CD07 /* TodoListModel.swift */,
				559252042B0272BD005F7F75 /* Assets.xcassets */,
				559252062B0272BD005F7F75 /* Preview Content */,
				552D3A9E2B0F97770037C524 /* TodoListCoreData.xcdatamodeld */,
			);
			path = TodoList;
			sourceTree = "<group>";
		};
		559252062B0272BD005F7F75 /* Preview Content */ = {
			isa = PBXGroup;
			children = (
				559252072B0272BD005F7F75 /* Preview Assets.xcassets */,
			);
			path = "Preview Content";
			sourceTree = "<group>";
		};
		55B891D72B1E1B75004734E2 /* elements */ = {
			isa = PBXGroup;
			children = (
				551D28412B0BAE2000874D52 /* TodoListRow.swift */,
				55B891D82B1E1B98004734E2 /* SelectButtonView.swift */,
			);
			path = elements;
			sourceTree = "<group>";
		};
		55B891DC2B1E2D78004734E2 /* coredata */ = {
			isa = PBXGroup;
			children = (
				552D3A9C2B0F971C0037C524 /* CoreDataManager.swift */,
			);
			path = coredata;
			sourceTree = "<group>";
		};
		55B891DD2B1E2D98004734E2 /* views */ = {
			isa = PBXGroup;
			children = (
				5520CA112B0A6154005482C1 /* WriteView.swift */,
				552F69AB2B027FA700C9CD07 /* DetailTodoView.swift */,
				559252022B0272BB005F7F75 /* TodoListView.swift */,
			);
			path = views;
			sourceTree = "<group>";
		};
/* End PBXGroup section */

/* Begin PBXNativeTarget section */
		559251FC2B0272BB005F7F75 /* TodoList */ = {
			isa = PBXNativeTarget;
			buildConfigurationList = 5592520B2B0272BD005F7F75 /* Build configuration list for PBXNativeTarget "TodoList" */;
			buildPhases = (
				559251F92B0272BB005F7F75 /* Sources */,
				559251FA2B0272BB005F7F75 /* Frameworks */,
				559251FB2B0272BB005F7F75 /* Resources */,
			);
			buildRules = (
			);
			dependencies = (
			);
			name = TodoList;
			productName = TodoList;
			productReference = 559251FD2B0272BB005F7F75 /* TodoList.app */;
			productType = "com.apple.product-type.application";
		};
/* End PBXNativeTarget section */

/* Begin PBXProject section */
		559251F52B0272BA005F7F75 /* Project object */ = {
			isa = PBXProject;
			attributes = {
				BuildIndependentTargetsInParallel = 1;
				LastSwiftUpdateCheck = 1500;
				LastUpgradeCheck = 1500;
				TargetAttributes = {
					559251FC2B0272BB005F7F75 = {
						CreatedOnToolsVersion = 15.0;
					};
				};
			};
			buildConfigurationList = 559251F82B0272BA005F7F75 /* Build configuration list for PBXProject "TodoList" */;
			compatibilityVersion = "Xcode 14.0";
			developmentRegion = en;
			hasScannedForEncodings = 0;
			knownRegions = (
				en,
				Base,
			);
			mainGroup = 559251F42B0272BA005F7F75;
			productRefGroup = 559251FE2B0272BB005F7F75 /* Products */;
			projectDirPath = "";
			projectRoot = "";
			targets = (
				559251FC2B0272BB005F7F75 /* TodoList */,
			);
		};
/* End PBXProject section */

/* Begin PBXResourcesBuildPhase section */
		559251FB2B0272BB005F7F75 /* Resources */ = {
			isa = PBXResourcesBuildPhase;
			buildActionMask = 2147483647;
			files = (
				559252082B0272BD005F7F75 /* Preview Assets.xcassets in Resources */,
				559252052B0272BD005F7F75 /* Assets.xcassets in Resources */,
				552F69A62B02769200C9CD07 /* sample.json in Resources */,
			);
			runOnlyForDeploymentPostprocessing = 0;
		};
/* End PBXResourcesBuildPhase section */

/* Begin PBXSourcesBuildPhase section */
		559251F92B0272BB005F7F75 /* Sources */ = {
			isa = PBXSourcesBuildPhase;
			buildActionMask = 2147483647;
			files = (
				552F69AC2B027FA700C9CD07 /* DetailTodoView.swift in Sources */,
				551D28422B0BAE2000874D52 /* TodoListRow.swift in Sources */,
				552D3AA02B0F97770037C524 /* TodoListCoreData.xcdatamodeld in Sources */,
				5520CA122B0A6154005482C1 /* WriteView.swift in Sources */,
				559252032B0272BB005F7F75 /* TodoListView.swift in Sources */,
				559252012B0272BB005F7F75 /* TodoListApp.swift in Sources */,
				552D3A9D2B0F971C0037C524 /* CoreDataManager.swift in Sources */,
				552F69A82B02778100C9CD07 /* TodoListModel.swift in Sources */,
				55B891D92B1E1B98004734E2 /* SelectButtonView.swift in Sources */,
			);
			runOnlyForDeploymentPostprocessing = 0;
		};
/* End PBXSourcesBuildPhase section */

/* Begin XCBuildConfiguration section */
		559252092B0272BD005F7F75 /* Debug */ = {
			isa = XCBuildConfiguration;
			buildSettings = {
				ALWAYS_SEARCH_USER_PATHS = NO;
				ASSETCATALOG_COMPILER_GENERATE_SWIFT_ASSET_SYMBOL_EXTENSIONS = YES;
				CLANG_ANALYZER_NONNULL = YES;
				CLANG_ANALYZER_NUMBER_OBJECT_CONVERSION = YES_AGGRESSIVE;
				CLANG_CXX_LANGUAGE_STANDARD = "gnu++20";
				CLANG_ENABLE_MODULES = YES;
				CLANG_ENABLE_OBJC_ARC = YES;
				CLANG_ENABLE_OBJC_WEAK = YES;
				CLANG_WARN_BLOCK_CAPTURE_AUTORELEASING = YES;
				CLANG_WARN_BOOL_CONVERSION = YES;
				CLANG_WARN_COMMA = YES;
				CLANG_WARN_CONSTANT_CONVERSION = YES;
				CLANG_WARN_DEPRECATED_OBJC_IMPLEMENTATIONS = YES;
				CLANG_WARN_DIRECT_OBJC_ISA_USAGE = YES_ERROR;
				CLANG_WARN_DOCUMENTATION_COMMENTS = YES;
				CLANG_WARN_EMPTY_BODY = YES;
				CLANG_WARN_ENUM_CONVERSION = YES;
				CLANG_WARN_INFINITE_RECURSION = YES;
				CLANG_WARN_INT_CONVERSION = YES;
				CLANG_WARN_NON_LITERAL_NULL_CONVERSION = YES;
				CLANG_WARN_OBJC_IMPLICIT_RETAIN_SELF = YES;
				CLANG_WARN_OBJC_LITERAL_CONVERSION = YES;
				CLANG_WARN_OBJC_ROOT_CLASS = YES_ERROR;
				CLANG_WARN_QUOTED_INCLUDE_IN_FRAMEWORK_HEADER = YES;
				CLANG_WARN_RANGE_LOOP_ANALYSIS = YES;
				CLANG_WARN_STRICT_PROTOTYPES = YES;
				CLANG_WARN_SUSPICIOUS_MOVE = YES;
				CLANG_WARN_UNGUARDED_AVAILABILITY = YES_AGGRESSIVE;
				CLANG_WARN_UNREACHABLE_CODE = YES;
				CLANG_WARN__DUPLICATE_METHOD_MATCH = YES;
				COPY_PHASE_STRIP = NO;
				DEBUG_INFORMATION_FORMAT = dwarf;
				ENABLE_STRICT_OBJC_MSGSEND = YES;
				ENABLE_TESTABILITY = YES;
				ENABLE_USER_SCRIPT_SANDBOXING = YES;
				GCC_C_LANGUAGE_STANDARD = gnu17;
				GCC_DYNAMIC_NO_PIC = NO;
				GCC_NO_COMMON_BLOCKS = YES;
				GCC_OPTIMIZATION_LEVEL = 0;
				GCC_PREPROCESSOR_DEFINITIONS = (
					"DEBUG=1",
					"$(inherited)",
				);
				GCC_WARN_64_TO_32_BIT_CONVERSION = YES;
				GCC_WARN_ABOUT_RETURN_TYPE = YES_ERROR;
				GCC_WARN_UNDECLARED_SELECTOR = YES;
				GCC_WARN_UNINITIALIZED_AUTOS = YES_AGGRESSIVE;
				GCC_WARN_UNUSED_FUNCTION = YES;
				GCC_WARN_UNUSED_VARIABLE = YES;
				IPHONEOS_DEPLOYMENT_TARGET = 17.0;
				LOCALIZATION_PREFERS_STRING_CATALOGS = YES;
				MTL_ENABLE_DEBUG_INFO = INCLUDE_SOURCE;
				MTL_FAST_MATH = YES;
				ONLY_ACTIVE_ARCH = YES;
				SDKROOT = iphoneos;
				SWIFT_ACTIVE_COMPILATION_CONDITIONS = "DEBUG $(inherited)";
				SWIFT_OPTIMIZATION_LEVEL = "-Onone";
			};
			name = Debug;
		};
		5592520A2B0272BD005F7F75 /* Release */ = {
			isa = XCBuildConfiguration;
			buildSettings = {
				ALWAYS_SEARCH_USER_PATHS = NO;
				ASSETCATALOG_COMPILER_GENERATE_SWIFT_ASSET_SYMBOL_EXTENSIONS = YES;
				CLANG_ANALYZER_NONNULL = YES;
				CLANG_ANALYZER_NUMBER_OBJECT_CONVERSION = YES_AGGRESSIVE;
				CLANG_CXX_LANGUAGE_STANDARD = "gnu++20";
				CLANG_ENABLE_MODULES = YES;
				CLANG_ENABLE_OBJC_ARC = YES;
				CLANG_ENABLE_OBJC_WEAK = YES;
				CLANG_WARN_BLOCK_CAPTURE_AUTORELEASING = YES;
				CLANG_WARN_BOOL_CONVERSION = YES;
				CLANG_WARN_COMMA = YES;
				CLANG_WARN_CONSTANT_CONVERSION = YES;
				CLANG_WARN_DEPRECATED_OBJC_IMPLEMENTATIONS = YES;
				CLANG_WARN_DIRECT_OBJC_ISA_USAGE = YES_ERROR;
				CLANG_WARN_DOCUMENTATION_COMMENTS = YES;
				CLANG_WARN_EMPTY_BODY = YES;
				CLANG_WARN_ENUM_CONVERSION = YES;
				CLANG_WARN_INFINITE_RECURSION = YES;
				CLANG_WARN_INT_CONVERSION = YES;
				CLANG_WARN_NON_LITERAL_NULL_CONVERSION = YES;
				CLANG_WARN_OBJC_IMPLICIT_RETAIN_SELF = YES;
				CLANG_WARN_OBJC_LITERAL_CONVERSION = YES;
				CLANG_WARN_OBJC_ROOT_CLASS = YES_ERROR;
				CLANG_WARN_QUOTED_INCLUDE_IN_FRAMEWORK_HEADER = YES;
				CLANG_WARN_RANGE_LOOP_ANALYSIS = YES;
				CLANG_WARN_STRICT_PROTOTYPES = YES;
				CLANG_WARN_SUSPICIOUS_MOVE = YES;
				CLANG_WARN_UNGUARDED_AVAILABILITY = YES_AGGRESSIVE;
				CLANG_WARN_UNREACHABLE_CODE = YES;
				CLANG_WARN__DUPLICATE_METHOD_MATCH = YES;
				COPY_PHASE_STRIP = NO;
				DEBUG_INFORMATION_FORMAT = "dwarf-with-dsym";
				ENABLE_NS_ASSERTIONS = NO;
				ENABLE_STRICT_OBJC_MSGSEND = YES;
				ENABLE_USER_SCRIPT_SANDBOXING = YES;
				GCC_C_LANGUAGE_STANDARD = gnu17;
				GCC_NO_COMMON_BLOCKS = YES;
				GCC_WARN_64_TO_32_BIT_CONVERSION = YES;
				GCC_WARN_ABOUT_RETURN_TYPE = YES_ERROR;
				GCC_WARN_UNDECLARED_SELECTOR = YES;
				GCC_WARN_UNINITIALIZED_AUTOS = YES_AGGRESSIVE;
				GCC_WARN_UNUSED_FUNCTION = YES;
				GCC_WARN_UNUSED_VARIABLE = YES;
				IPHONEOS_DEPLOYMENT_TARGET = 17.0;
				LOCALIZATION_PREFERS_STRING_CATALOGS = YES;
				MTL_ENABLE_DEBUG_INFO = NO;
				MTL_FAST_MATH = YES;
				SDKROOT = iphoneos;
				SWIFT_COMPILATION_MODE = wholemodule;
				VALIDATE_PRODUCT = YES;
			};
			name = Release;
		};
		5592520C2B0272BD005F7F75 /* Debug */ = {
			isa = XCBuildConfiguration;
			buildSettings = {
				ASSETCATALOG_COMPILER_APPICON_NAME = AppIcon;
				ASSETCATALOG_COMPILER_GLOBAL_ACCENT_COLOR_NAME = AccentColor;
				CODE_SIGN_ENTITLEMENTS = TodoList/TodoList.entitlements;
				CODE_SIGN_STYLE = Automatic;
				CURRENT_PROJECT_VERSION = 1;
				DEVELOPMENT_ASSET_PATHS = "\"TodoList/Preview Content\"";
				DEVELOPMENT_TEAM = R3NZM9PKYA;
				ENABLE_PREVIEWS = YES;
				GENERATE_INFOPLIST_FILE = YES;
				INFOPLIST_FILE = TodoList/Info.plist;
				INFOPLIST_KEY_UIApplicationSceneManifest_Generation = YES;
				INFOPLIST_KEY_UIApplicationSupportsIndirectInputEvents = YES;
				INFOPLIST_KEY_UILaunchScreen_Generation = YES;
				INFOPLIST_KEY_UISupportedInterfaceOrientations_iPad = "UIInterfaceOrientationPortrait UIInterfaceOrientationPortraitUpsideDown UIInterfaceOrientationLandscapeLeft UIInterfaceOrientationLandscapeRight";
				INFOPLIST_KEY_UISupportedInterfaceOrientations_iPhone = "UIInterfaceOrientationPortrait UIInterfaceOrientationLandscapeLeft UIInterfaceOrientationLandscapeRight";
				LD_RUNPATH_SEARCH_PATHS = (
					"$(inherited)",
					"@executable_path/Frameworks",
				);
				MARKETING_VERSION = 1.0;
				PRODUCT_BUNDLE_IDENTIFIER = kr.co.seobe.TodoList;
				PRODUCT_NAME = "$(TARGET_NAME)";
				SWIFT_EMIT_LOC_STRINGS = YES;
				SWIFT_VERSION = 5.0;
				TARGETED_DEVICE_FAMILY = "1,2";
			};
			name = Debug;
		};
		5592520D2B0272BD005F7F75 /* Release */ = {
			isa = XCBuildConfiguration;
			buildSettings = {
				ASSETCATALOG_COMPILER_APPICON_NAME = AppIcon;
				ASSETCATALOG_COMPILER_GLOBAL_ACCENT_COLOR_NAME = AccentColor;
				CODE_SIGN_ENTITLEMENTS = TodoList/TodoList.entitlements;
				CODE_SIGN_STYLE = Automatic;
				CURRENT_PROJECT_VERSION = 1;
				DEVELOPMENT_ASSET_PATHS = "\"TodoList/Preview Content\"";
				DEVELOPMENT_TEAM = R3NZM9PKYA;
				ENABLE_PREVIEWS = YES;
				GENERATE_INFOPLIST_FILE = YES;
				INFOPLIST_FILE = TodoList/Info.plist;
				INFOPLIST_KEY_UIApplicationSceneManifest_Generation = YES;
				INFOPLIST_KEY_UIApplicationSupportsIndirectInputEvents = YES;
				INFOPLIST_KEY_UILaunchScreen_Generation = YES;
				INFOPLIST_KEY_UISupportedInterfaceOrientations_iPad = "UIInterfaceOrientationPortrait UIInterfaceOrientationPortraitUpsideDown UIInterfaceOrientationLandscapeLeft UIInterfaceOrientationLandscapeRight";
				INFOPLIST_KEY_UISupportedInterfaceOrientations_iPhone = "UIInterfaceOrientationPortrait UIInterfaceOrientationLandscapeLeft UIInterfaceOrientationLandscapeRight";
				LD_RUNPATH_SEARCH_PATHS = (
					"$(inherited)",
					"@executable_path/Frameworks",
				);
				MARKETING_VERSION = 1.0;
				PRODUCT_BUNDLE_IDENTIFIER = kr.co.seobe.TodoList;
				PRODUCT_NAME = "$(TARGET_NAME)";
				SWIFT_EMIT_LOC_STRINGS = YES;
				SWIFT_VERSION = 5.0;
				TARGETED_DEVICE_FAMILY = "1,2";
			};
			name = Release;
		};
/* End XCBuildConfiguration section */

/* Begin XCConfigurationList section */
		559251F82B0272BA005F7F75 /* Build configuration list for PBXProject "TodoList" */ = {
			isa = XCConfigurationList;
			buildConfigurations = (
				559252092B0272BD005F7F75 /* Debug */,
				5592520A2B0272BD005F7F75 /* Release */,
			);
			defaultConfigurationIsVisible = 0;
			defaultConfigurationName = Release;
		};
		5592520B2B0272BD005F7F75 /* Build configuration list for PBXNativeTarget "TodoList" */ = {
			isa = XCConfigurationList;
			buildConfigurations = (
				5592520C2B0272BD005F7F75 /* Debug */,
				5592520D2B0272BD005F7F75 /* Release */,
			);
			defaultConfigurationIsVisible = 0;
			defaultConfigurationName = Release;
		};
/* End XCConfigurationList section */

/* Begin XCVersionGroup section */
		552D3A9E2B0F97770037C524 /* TodoListCoreData.xcdatamodeld */ = {
			isa = XCVersionGroup;
			children = (
				552D3A9F2B0F97770037C524 /* TodoListCoreData.xcdatamodel */,
			);
			currentVersion = 552D3A9F2B0F97770037C524 /* TodoListCoreData.xcdatamodel */;
			path = TodoListCoreData.xcdatamodeld;
			sourceTree = "<group>";
			versionGroupType = wrapper.xcdatamodel;
		};
/* End XCVersionGroup section */
	};
	rootObject = 559251F52B0272BA005F7F75 /* Project object */;
}
